PODS:
  - FBSnapshotTestCase (2.1.4):
    - FBSnapshotTestCase/SwiftSupport (= 2.1.4)
  - FBSnapshotTestCase/Core (2.1.4)
  - FBSnapshotTestCase/SwiftSupport (2.1.4):
    - FBSnapshotTestCase/Core
  - fuikit (0.0.7)

DEPENDENCIES:
  - FBSnapshotTestCase (~> 2.1.4)
  - fuikit (from `../`)

SPEC REPOS:
  trunk:
    - FBSnapshotTestCase

EXTERNAL SOURCES:
  fuikit:
    :path: "../"

SPEC CHECKSUMS:
  FBSnapshotTestCase: 094f9f314decbabe373b87cc339bea235a63e07a
  fuikit: 9e4c918280be6b292e4564564dd11495e5f91861

PODFILE CHECKSUM: cc297152d943cf28969063374be8c153718b6a9b

COCOAPODS: 1.9.3
